{
  "nodes": {
    "nixpkgs": {
      "locked": {
        "lastModified": 1645623357,
        "narHash": "sha256-vAaI91QFn/kY/uMiebW+kG2mPmxirMSJWYtkqkBKdDc=",
        "owner": "NixOS",
        "repo": "nixpkgs",
        "rev": "9222ae36b208d1c6b55d88e10aa68f969b5b5244",
        "type": "github"
      },
      "original": {
        "id": "nixpkgs",
        "type": "indirect"
      }
    },
    "nixpkgs-ruby": {
      "locked": {
        "lastModified": 1646497237,
        "narHash": "sha256-Ccpot1h/rV8MgcngDp5OrdmLTMaUTbStZTR5/sI7zW0=",
        "owner": "nixos",
        "repo": "nixpkgs",
        "rev": "062a0c5437b68f950b081bbfc8a699d57a4ee026",
        "type": "github"
      },
      "original": {
        "owner": "nixos",
        "ref": "nixos-unstable",
        "repo": "nixpkgs",
        "type": "github"
      }
    },
    "nixpkgs-watchman": {
      "locked": {
        "lastModified": 1658023725,
        "narHash": "sha256-23kjGQeociWiCQih8qzulZrSwcWtZv9xX0wGd0m/iDU=",
        "owner": "kylesferrazza",
        "repo": "nixpkgs",
        "rev": "4bbeac4da6df015a03b4249494969626dbbb6c39",
        "type": "github"
      },
      "original": {
        "owner": "kylesferrazza",
        "ref": "update-watchman",
        "repo": "nixpkgs",
        "type": "github"
      }
    },
    "root": {
      "inputs": {
        "nixpkgs": "nixpkgs",
        "nixpkgs-ruby": "nixpkgs-ruby",
        "nixpkgs-watchman": "nixpkgs-watchman"
      }
    }
  },
  "root": "root",
  "version": 7
}
